
Microsoft Visual Studio Solution File, Format Version 12.00
# Visual Studio Version 16
VisualStudioVersion = 16.0.31005.135
MinimumVisualStudioVersion = 10.0.40219.1
Project("{FAE04EC0-301F-11D3-BF4B-00C04F79EFBC}") = "TcpChat_Server", "TcpChat_Server\TcpChat_Server.csproj", "{6F569169-9D00-44B6-98EC-42AA9A09CCAE}"
EndProject
Project("{FAE04EC0-301F-11D3-BF4B-00C04F79EFBC}") = "TcpChat_Client", "TcpChat_Client\TcpChat_Client.csproj", "{CE626EC3-7137-42D7-BCF8-F1D97A1B0CA1}"
EndProject
Global
	GlobalSection(SolutionConfigurationPlatforms) = preSolution
		Debug|Any CPU = Debug|Any CPU
		Release|Any CPU = Release|Any CPU
	EndGlobalSection
	GlobalSection(ProjectConfigurationPlatforms) = postSolution
		{6F569169-9D00-44B6-98EC-42AA9A09CCAE}.Debug|Any CPU.ActiveCfg = Debug|Any CPU
		{6F569169-9D00-44B6-98EC-42AA9A09CCAE}.Debug|Any CPU.Build.0 = Debug|Any CPU
		{6F569169-9D00-44B6-98EC-42AA9A09CCAE}.Release|Any CPU.ActiveCfg = Release|Any CPU
		{6F569169-9D00-44B6-98EC-42AA9A09CCAE}.Release|Any CPU.Build.0 = Release|Any CPU
		{CE626EC3-7137-42D7-BCF8-F1D97A1B0CA1}.Debug|Any CPU.ActiveCfg = Debug|Any CPU
		{CE626EC3-7137-42D7-BCF8-F1D97A1B0CA1}.Debug|Any CPU.Build.0 = Debug|Any CPU
		{CE626EC3-7137-42D7-BCF8-F1D97A1B0CA1}.Release|Any CPU.ActiveCfg = Release|Any CPU
		{CE626EC3-7137-42D7-BCF8-F1D97A1B0CA1}.Release|Any CPU.Build.0 = Release|Any CPU
	EndGlobalSection
	GlobalSection(SolutionProperties) = preSolution
		HideSolutionNode = FALSE
	EndGlobalSection
	GlobalSection(ExtensibilityGlobals) = postSolution
		SolutionGuid = {CCA88975-4AD7-4172-8CF7-C04E3C47CED0}
	EndGlobalSection
EndGlobal
